{
  "object": {
    "pins": [
      {
        "package": "ReactiveSwift",
        "repositoryURL": "https://github.com/ReactiveCocoa/ReactiveSwift.git",
        "state": {
          "branch": null,
          "revision": "2260221e19eb024382a1b20cdd2c8adc4f48f8b8",
          "version": "6.4.0"
        }
      },
      {
        "package": "RxSwift",
        "repositoryURL": "https://github.com/ReactiveX/RxSwift.git",
        "state": {
          "branch": null,
          "revision": "a82518285848456f404abba1919120161465ea9f",
          "version": null
        }
      }
    ]
  },
  "version": 1
}
